// !$*UTF8*$!
{
	archiveVersion = 1;
	classes = {
	};
	objectVersion = 46;
	objects = {

/* Begin PBXBuildFile section */
		0E96D7FB1A591C0800BD23C2 /* AppDelegate.swift in Sources */ = {isa = PBXBuildFile; fileRef = 0E96D7FA1A591C0800BD23C2 /* AppDelegate.swift */; };
		0E96D8001A591C0800BD23C2 /* Main.storyboard in Resources */ = {isa = PBXBuildFile; fileRef = 0E96D7FE1A591C0800BD23C2 /* Main.storyboard */; };
		0E96D8021A591C0800BD23C2 /* Images.xcassets in Resources */ = {isa = PBXBuildFile; fileRef = 0E96D8011A591C0800BD23C2 /* Images.xcassets */; };
		0E96D8051A591C0800BD23C2 /* LaunchScreen.xib in Resources */ = {isa = PBXBuildFile; fileRef = 0E96D8031A591C0800BD23C2 /* LaunchScreen.xib */; };
		0E96D81B1A59210D00BD23C2 /* ReactiveCocoa.framework in Frameworks */ = {isa = PBXBuildFile; fileRef = 0E96D81A1A59210D00BD23C2 /* ReactiveCocoa.framework */; };
		292D739EA553DE3753D9CB8E /* libPods-ReactiveCocoaSwift.a in Frameworks */ = {isa = PBXBuildFile; fileRef = B58680EB86AE161A7BA05120 /* libPods-ReactiveCocoaSwift.a */; };
		C5589CC61A6CF3B000CC9456 /* DBManager.swift in Sources */ = {isa = PBXBuildFile; fileRef = C5589CC51A6CF3B000CC9456 /* DBManager.swift */; };
		C5687E591A6CFF02008FF620 /* ListViewControllerPresentationTests.swift in Sources */ = {isa = PBXBuildFile; fileRef = C56EFAD31A66725700631F7A /* ListViewControllerPresentationTests.swift */; };
		C5687E5A1A6CFF02008FF620 /* ReactiveCocoaSwiftTests.swift in Sources */ = {isa = PBXBuildFile; fileRef = 0E96D8101A591C0900BD23C2 /* ReactiveCocoaSwiftTests.swift */; };
		C5687E5B1A6CFF02008FF620 /* QuickNimbleTests.swift in Sources */ = {isa = PBXBuildFile; fileRef = C56EFAB31A66575B00631F7A /* QuickNimbleTests.swift */; };
		C5687E5E1A6D054A008FF620 /* DBManagerTests.swift in Sources */ = {isa = PBXBuildFile; fileRef = C5687E5D1A6D054A008FF620 /* DBManagerTests.swift */; };
		C56EFAB61A6657C900631F7A /* LlamaKit.framework in Frameworks */ = {isa = PBXBuildFile; fileRef = C56EFAB51A6657C900631F7A /* LlamaKit.framework */; };
		C56EFABB1A66580000631F7A /* Quick.framework in Frameworks */ = {isa = PBXBuildFile; fileRef = C56EFAB71A6657D100631F7A /* Quick.framework */; };
		C56EFABC1A66580300631F7A /* Nimble.framework in Frameworks */ = {isa = PBXBuildFile; fileRef = C56EFAB91A6657D400631F7A /* Nimble.framework */; };
		C56EFAC01A665D5B00631F7A /* ListViewController.swift in Sources */ = {isa = PBXBuildFile; fileRef = C56EFABF1A665D5B00631F7A /* ListViewController.swift */; };
		C56EFAC21A665D6600631F7A /* ListViewControllerPresentation.swift in Sources */ = {isa = PBXBuildFile; fileRef = C56EFAC11A665D6600631F7A /* ListViewControllerPresentation.swift */; };
		C56EFAC41A665DC500631F7A /* Document.swift in Sources */ = {isa = PBXBuildFile; fileRef = C56EFAC31A665DC500631F7A /* Document.swift */; };
		C56EFAC61A665DCB00631F7A /* Note.swift in Sources */ = {isa = PBXBuildFile; fileRef = C56EFAC51A665DCB00631F7A /* Note.swift */; };
		C5894EE91A7235C500CE910E /* BaseModel.swift in Sources */ = {isa = PBXBuildFile; fileRef = C5894EE81A7235C500CE910E /* BaseModel.swift */; };
		C5894EEB1A72444F00CE910E /* BaseModelTests.swift in Sources */ = {isa = PBXBuildFile; fileRef = C5894EEA1A72444F00CE910E /* BaseModelTests.swift */; };
		C5894EED1A7246AA00CE910E /* NoteTests.swift in Sources */ = {isa = PBXBuildFile; fileRef = C5894EEC1A7246AA00CE910E /* NoteTests.swift */; };
		FA19630C100C6DDD9ACCA96D /* Pods.framework in Frameworks */ = {isa = PBXBuildFile; fileRef = FCE26EF89C68309DC55EB724 /* Pods.framework */; settings = {ATTRIBUTES = (Weak, ); }; };
/* End PBXBuildFile section */

/* Begin PBXContainerItemProxy section */
		0E96D80B1A591C0900BD23C2 /* PBXContainerItemProxy */ = {
			isa = PBXContainerItemProxy;
			containerPortal = 0E96D7ED1A591C0800BD23C2 /* Project object */;
			proxyType = 1;
			remoteGlobalIDString = 0E96D7F41A591C0800BD23C2;
			remoteInfo = ReactiveCocoaSwift;
		};
/* End PBXContainerItemProxy section */

/* Begin PBXFileReference section */
		0685B7807A7753D14254BA39 /* Pods.debug.xcconfig */ = {isa = PBXFileReference; includeInIndex = 1; lastKnownFileType = text.xcconfig; name = Pods.debug.xcconfig; path = "Pods/Target Support Files/Pods/Pods.debug.xcconfig"; sourceTree = "<group>"; };
		0E96D7F51A591C0800BD23C2 /* ReactiveCocoaSwift.app */ = {isa = PBXFileReference; explicitFileType = wrapper.application; includeInIndex = 0; path = ReactiveCocoaSwift.app; sourceTree = BUILT_PRODUCTS_DIR; };
		0E96D7F91A591C0800BD23C2 /* Info.plist */ = {isa = PBXFileReference; lastKnownFileType = text.plist.xml; path = Info.plist; sourceTree = "<group>"; };
		0E96D7FA1A591C0800BD23C2 /* AppDelegate.swift */ = {isa = PBXFileReference; lastKnownFileType = sourcecode.swift; path = AppDelegate.swift; sourceTree = "<group>"; };
		0E96D7FF1A591C0800BD23C2 /* Base */ = {isa = PBXFileReference; lastKnownFileType = file.storyboard; name = Base; path = Base.lproj/Main.storyboard; sourceTree = "<group>"; };
		0E96D8011A591C0800BD23C2 /* Images.xcassets */ = {isa = PBXFileReference; lastKnownFileType = folder.assetcatalog; path = Images.xcassets; sourceTree = "<group>"; };
		0E96D8041A591C0800BD23C2 /* Base */ = {isa = PBXFileReference; lastKnownFileType = file.xib; name = Base; path = Base.lproj/LaunchScreen.xib; sourceTree = "<group>"; };
		0E96D80A1A591C0900BD23C2 /* ReactiveCocoaSwiftTests.xctest */ = {isa = PBXFileReference; explicitFileType = wrapper.cfbundle; includeInIndex = 0; path = ReactiveCocoaSwiftTests.xctest; sourceTree = BUILT_PRODUCTS_DIR; };
		0E96D80F1A591C0900BD23C2 /* Info.plist */ = {isa = PBXFileReference; lastKnownFileType = text.plist.xml; path = Info.plist; sourceTree = "<group>"; };
		0E96D8101A591C0900BD23C2 /* ReactiveCocoaSwiftTests.swift */ = {isa = PBXFileReference; lastKnownFileType = sourcecode.swift; path = ReactiveCocoaSwiftTests.swift; sourceTree = "<group>"; };
		0E96D81A1A59210D00BD23C2 /* ReactiveCocoa.framework */ = {isa = PBXFileReference; lastKnownFileType = wrapper.framework; name = ReactiveCocoa.framework; path = Carthage/Build/iOS/ReactiveCocoa.framework; sourceTree = "<group>"; };
		51EF3800ADC183DFF643BED0 /* Pods-ReactiveCocoaSwift.debug.xcconfig */ = {isa = PBXFileReference; includeInIndex = 1; lastKnownFileType = text.xcconfig; name = "Pods-ReactiveCocoaSwift.debug.xcconfig"; path = "Pods/Target Support Files/Pods-ReactiveCocoaSwift/Pods-ReactiveCocoaSwift.debug.xcconfig"; sourceTree = "<group>"; };
		6956A7B452CFF9666D321F80 /* Pods.release.xcconfig */ = {isa = PBXFileReference; includeInIndex = 1; lastKnownFileType = text.xcconfig; name = Pods.release.xcconfig; path = "Pods/Target Support Files/Pods/Pods.release.xcconfig"; sourceTree = "<group>"; };
		707673AF1E5278FAEB75197C /* Pods-ReactiveCocoaSwift.release.xcconfig */ = {isa = PBXFileReference; includeInIndex = 1; lastKnownFileType = text.xcconfig; name = "Pods-ReactiveCocoaSwift.release.xcconfig"; path = "Pods/Target Support Files/Pods-ReactiveCocoaSwift/Pods-ReactiveCocoaSwift.release.xcconfig"; sourceTree = "<group>"; };
		B58680EB86AE161A7BA05120 /* libPods-ReactiveCocoaSwift.a */ = {isa = PBXFileReference; explicitFileType = archive.ar; includeInIndex = 0; path = "libPods-ReactiveCocoaSwift.a"; sourceTree = BUILT_PRODUCTS_DIR; };
		C5589CC51A6CF3B000CC9456 /* DBManager.swift */ = {isa = PBXFileReference; fileEncoding = 4; lastKnownFileType = sourcecode.swift; path = DBManager.swift; sourceTree = "<group>"; };
		C5589CC71A6CF81400CC9456 /* Objc-Bridging-Header.h */ = {isa = PBXFileReference; lastKnownFileType = sourcecode.c.h; path = "Objc-Bridging-Header.h"; sourceTree = "<group>"; };
		C5687E5D1A6D054A008FF620 /* DBManagerTests.swift */ = {isa = PBXFileReference; fileEncoding = 4; lastKnownFileType = sourcecode.swift; path = DBManagerTests.swift; sourceTree = "<group>"; };
		C56EFAB31A66575B00631F7A /* QuickNimbleTests.swift */ = {isa = PBXFileReference; fileEncoding = 4; lastKnownFileType = sourcecode.swift; path = QuickNimbleTests.swift; sourceTree = "<group>"; };
		C56EFAB51A6657C900631F7A /* LlamaKit.framework */ = {isa = PBXFileReference; lastKnownFileType = wrapper.framework; name = LlamaKit.framework; path = Carthage/Build/iOS/LlamaKit.framework; sourceTree = "<group>"; };
		C56EFAB71A6657D100631F7A /* Quick.framework */ = {isa = PBXFileReference; lastKnownFileType = wrapper.framework; name = Quick.framework; path = Carthage/Build/iOS/Quick.framework; sourceTree = "<group>"; };
		C56EFAB91A6657D400631F7A /* Nimble.framework */ = {isa = PBXFileReference; lastKnownFileType = wrapper.framework; name = Nimble.framework; path = Carthage/Build/iOS/Nimble.framework; sourceTree = "<group>"; };
		C56EFABF1A665D5B00631F7A /* ListViewController.swift */ = {isa = PBXFileReference; fileEncoding = 4; lastKnownFileType = sourcecode.swift; path = ListViewController.swift; sourceTree = "<group>"; };
		C56EFAC11A665D6600631F7A /* ListViewControllerPresentation.swift */ = {isa = PBXFileReference; fileEncoding = 4; lastKnownFileType = sourcecode.swift; path = ListViewControllerPresentation.swift; sourceTree = "<group>"; };
		C56EFAC31A665DC500631F7A /* Document.swift */ = {isa = PBXFileReference; fileEncoding = 4; lastKnownFileType = sourcecode.swift; path = Document.swift; sourceTree = "<group>"; };
		C56EFAC51A665DCB00631F7A /* Note.swift */ = {isa = PBXFileReference; fileEncoding = 4; lastKnownFileType = sourcecode.swift; path = Note.swift; sourceTree = "<group>"; };
		C56EFAD31A66725700631F7A /* ListViewControllerPresentationTests.swift */ = {isa = PBXFileReference; fileEncoding = 4; lastKnownFileType = sourcecode.swift; path = ListViewControllerPresentationTests.swift; sourceTree = "<group>"; };
		C5894EE81A7235C500CE910E /* BaseModel.swift */ = {isa = PBXFileReference; fileEncoding = 4; lastKnownFileType = sourcecode.swift; path = BaseModel.swift; sourceTree = "<group>"; };
		C5894EEA1A72444F00CE910E /* BaseModelTests.swift */ = {isa = PBXFileReference; fileEncoding = 4; lastKnownFileType = sourcecode.swift; path = BaseModelTests.swift; sourceTree = "<group>"; };
		C5894EEC1A7246AA00CE910E /* NoteTests.swift */ = {isa = PBXFileReference; fileEncoding = 4; lastKnownFileType = sourcecode.swift; path = NoteTests.swift; sourceTree = "<group>"; };
		FCE26EF89C68309DC55EB724 /* Pods.framework */ = {isa = PBXFileReference; explicitFileType = wrapper.framework; includeInIndex = 0; path = Pods.framework; sourceTree = BUILT_PRODUCTS_DIR; };
/* End PBXFileReference section */

/* Begin PBXFrameworksBuildPhase section */
		0E96D7F21A591C0800BD23C2 /* Frameworks */ = {
			isa = PBXFrameworksBuildPhase;
			buildActionMask = 2147483647;
			files = (
				292D739EA553DE3753D9CB8E /* libPods-ReactiveCocoaSwift.a in Frameworks */,
				C56EFAB61A6657C900631F7A /* LlamaKit.framework in Frameworks */,
				0E96D81B1A59210D00BD23C2 /* ReactiveCocoa.framework in Frameworks */,
				FA19630C100C6DDD9ACCA96D /* Pods.framework in Frameworks */,
			);
			runOnlyForDeploymentPostprocessing = 0;
		};
		0E96D8071A591C0900BD23C2 /* Frameworks */ = {
			isa = PBXFrameworksBuildPhase;
			buildActionMask = 2147483647;
			files = (
				C56EFABB1A66580000631F7A /* Quick.framework in Frameworks */,
				C56EFABC1A66580300631F7A /* Nimble.framework in Frameworks */,
			);
			runOnlyForDeploymentPostprocessing = 0;
		};
/* End PBXFrameworksBuildPhase section */

/* Begin PBXGroup section */
		0E96D7EC1A591C0800BD23C2 = {
			isa = PBXGroup;
			children = (
				0E96D7F71A591C0800BD23C2 /* ReactiveCocoaSwift */,
				0E96D80D1A591C0900BD23C2 /* ReactiveCocoaSwiftTests */,
				0E96D7F61A591C0800BD23C2 /* Products */,
				E32027F671EECD7F3A874392 /* Pods */,
				2019DCCE964F516CA5544DB9 /* Frameworks */,
			);
			sourceTree = "<group>";
		};
		0E96D7F61A591C0800BD23C2 /* Products */ = {
			isa = PBXGroup;
			children = (
				0E96D7F51A591C0800BD23C2 /* ReactiveCocoaSwift.app */,
				0E96D80A1A591C0900BD23C2 /* ReactiveCocoaSwiftTests.xctest */,
			);
			name = Products;
			sourceTree = "<group>";
		};
		0E96D7F71A591C0800BD23C2 /* ReactiveCocoaSwift */ = {
			isa = PBXGroup;
			children = (
				C5589CC41A6CF37F00CC9456 /* Managers */,
				C56EFABD1A665D1300631F7A /* Models */,
				C56EFABE1A665D1300631F7A /* Views */,
				0E96D7FA1A591C0800BD23C2 /* AppDelegate.swift */,
				0E96D7FE1A591C0800BD23C2 /* Main.storyboard */,
				0E96D8011A591C0800BD23C2 /* Images.xcassets */,
				0E96D8031A591C0800BD23C2 /* LaunchScreen.xib */,
				0E96D7F81A591C0800BD23C2 /* Supporting Files */,
			);
			path = ReactiveCocoaSwift;
			sourceTree = "<group>";
		};
		0E96D7F81A591C0800BD23C2 /* Supporting Files */ = {
			isa = PBXGroup;
			children = (
				0E96D7F91A591C0800BD23C2 /* Info.plist */,
				C5589CC71A6CF81400CC9456 /* Objc-Bridging-Header.h */,
			);
			name = "Supporting Files";
			sourceTree = "<group>";
		};
		0E96D80D1A591C0900BD23C2 /* ReactiveCocoaSwiftTests */ = {
			isa = PBXGroup;
			children = (
				C5687E5C1A6D053E008FF620 /* Managers */,
				C56EFAD11A66724D00631F7A /* Models */,
				C56EFAD21A66724D00631F7A /* Views */,
				0E96D8101A591C0900BD23C2 /* ReactiveCocoaSwiftTests.swift */,
				C56EFAB31A66575B00631F7A /* QuickNimbleTests.swift */,
				0E96D80E1A591C0900BD23C2 /* Supporting Files */,
			);
			path = ReactiveCocoaSwiftTests;
			sourceTree = "<group>";
		};
		0E96D80E1A591C0900BD23C2 /* Supporting Files */ = {
			isa = PBXGroup;
			children = (
				0E96D80F1A591C0900BD23C2 /* Info.plist */,
			);
			name = "Supporting Files";
			sourceTree = "<group>";
		};
		2019DCCE964F516CA5544DB9 /* Frameworks */ = {
			isa = PBXGroup;
			children = (
				C56EFAB91A6657D400631F7A /* Nimble.framework */,
				C56EFAB71A6657D100631F7A /* Quick.framework */,
				C56EFAB51A6657C900631F7A /* LlamaKit.framework */,
				0E96D81A1A59210D00BD23C2 /* ReactiveCocoa.framework */,
				B58680EB86AE161A7BA05120 /* libPods-ReactiveCocoaSwift.a */,
				FCE26EF89C68309DC55EB724 /* Pods.framework */,
			);
			name = Frameworks;
			sourceTree = "<group>";
		};
		C5589CC41A6CF37F00CC9456 /* Managers */ = {
			isa = PBXGroup;
			children = (
				C5589CC51A6CF3B000CC9456 /* DBManager.swift */,
			);
			path = Managers;
			sourceTree = "<group>";
		};
		C5687E5C1A6D053E008FF620 /* Managers */ = {
			isa = PBXGroup;
			children = (
				C5687E5D1A6D054A008FF620 /* DBManagerTests.swift */,
			);
			path = Managers;
			sourceTree = "<group>";
		};
		C56EFABD1A665D1300631F7A /* Models */ = {
			isa = PBXGroup;
			children = (
				C5894EE81A7235C500CE910E /* BaseModel.swift */,
				C56EFAC31A665DC500631F7A /* Document.swift */,
				C56EFAC51A665DCB00631F7A /* Note.swift */,
			);
			path = Models;
			sourceTree = "<group>";
		};
		C56EFABE1A665D1300631F7A /* Views */ = {
			isa = PBXGroup;
			children = (
				C56EFABF1A665D5B00631F7A /* ListViewController.swift */,
				C56EFAC11A665D6600631F7A /* ListViewControllerPresentation.swift */,
			);
			path = Views;
			sourceTree = "<group>";
		};
		C56EFAD11A66724D00631F7A /* Models */ = {
			isa = PBXGroup;
			children = (
				C5894EEA1A72444F00CE910E /* BaseModelTests.swift */,
				C5894EEC1A7246AA00CE910E /* NoteTests.swift */,
			);
			path = Models;
			sourceTree = "<group>";
		};
		C56EFAD21A66724D00631F7A /* Views */ = {
			isa = PBXGroup;
			children = (
				C56EFAD31A66725700631F7A /* ListViewControllerPresentationTests.swift */,
			);
			path = Views;
			sourceTree = "<group>";
		};
		E32027F671EECD7F3A874392 /* Pods */ = {
			isa = PBXGroup;
			children = (
				51EF3800ADC183DFF643BED0 /* Pods-ReactiveCocoaSwift.debug.xcconfig */,
				707673AF1E5278FAEB75197C /* Pods-ReactiveCocoaSwift.release.xcconfig */,
				0685B7807A7753D14254BA39 /* Pods.debug.xcconfig */,
				6956A7B452CFF9666D321F80 /* Pods.release.xcconfig */,
			);
			name = Pods;
			sourceTree = "<group>";
		};
/* End PBXGroup section */

/* Begin PBXNativeTarget section */
		0E96D7F41A591C0800BD23C2 /* ReactiveCocoaSwift */ = {
			isa = PBXNativeTarget;
			buildConfigurationList = 0E96D8141A591C0900BD23C2 /* Build configuration list for PBXNativeTarget "ReactiveCocoaSwift" */;
			buildPhases = (
				6C329A1CBAEDD69BA00DDE7F /* Check Pods Manifest.lock */,
				0E96D7F11A591C0800BD23C2 /* Sources */,
				0E96D7F21A591C0800BD23C2 /* Frameworks */,
				0E96D7F31A591C0800BD23C2 /* Resources */,
				2311B950A3992E293B6EC096 /* Copy Pods Resources */,
				0E96D81E1A5923BB00BD23C2 /* Carthage Workaround Script */,
				DDB86FB1E4526E3CE5E09501 /* Embed Pods Frameworks */,
			);
			buildRules = (
			);
			dependencies = (
			);
			name = ReactiveCocoaSwift;
			productName = ReactiveCocoaSwift;
			productReference = 0E96D7F51A591C0800BD23C2 /* ReactiveCocoaSwift.app */;
			productType = "com.apple.product-type.application";
		};
		0E96D8091A591C0900BD23C2 /* ReactiveCocoaSwiftTests */ = {
			isa = PBXNativeTarget;
			buildConfigurationList = 0E96D8171A591C0900BD23C2 /* Build configuration list for PBXNativeTarget "ReactiveCocoaSwiftTests" */;
			buildPhases = (
				0E96D8061A591C0900BD23C2 /* Sources */,
				0E96D8071A591C0900BD23C2 /* Frameworks */,
				0E96D8081A591C0900BD23C2 /* Resources */,
				C56EFAB21A6656CD00631F7A /* Carthage Workaround Script */,
			);
			buildRules = (
			);
			dependencies = (
				0E96D80C1A591C0900BD23C2 /* PBXTargetDependency */,
			);
			name = ReactiveCocoaSwiftTests;
			productName = ReactiveCocoaSwiftTests;
			productReference = 0E96D80A1A591C0900BD23C2 /* ReactiveCocoaSwiftTests.xctest */;
			productType = "com.apple.product-type.bundle.unit-test";
		};
/* End PBXNativeTarget section */

/* Begin PBXProject section */
		0E96D7ED1A591C0800BD23C2 /* Project object */ = {
			isa = PBXProject;
			attributes = {
				LastUpgradeCheck = 0620;
				ORGANIZATIONNAME = akisute;
				TargetAttributes = {
					0E96D7F41A591C0800BD23C2 = {
						CreatedOnToolsVersion = 6.2;
					};
					0E96D8091A591C0900BD23C2 = {
						CreatedOnToolsVersion = 6.2;
						TestTargetID = 0E96D7F41A591C0800BD23C2;
					};
				};
			};
			buildConfigurationList = 0E96D7F01A591C0800BD23C2 /* Build configuration list for PBXProject "ReactiveCocoaSwift" */;
			compatibilityVersion = "Xcode 3.2";
			developmentRegion = English;
			hasScannedForEncodings = 0;
			knownRegions = (
				en,
				Base,
			);
			mainGroup = 0E96D7EC1A591C0800BD23C2;
			productRefGroup = 0E96D7F61A591C0800BD23C2 /* Products */;
			projectDirPath = "";
			projectRoot = "";
			targets = (
				0E96D7F41A591C0800BD23C2 /* ReactiveCocoaSwift */,
				0E96D8091A591C0900BD23C2 /* ReactiveCocoaSwiftTests */,
			);
		};
/* End PBXProject section */

/* Begin PBXResourcesBuildPhase section */
		0E96D7F31A591C0800BD23C2 /* Resources */ = {
			isa = PBXResourcesBuildPhase;
			buildActionMask = 2147483647;
			files = (
				0E96D8001A591C0800BD23C2 /* Main.storyboard in Resources */,
				0E96D8051A591C0800BD23C2 /* LaunchScreen.xib in Resources */,
				0E96D8021A591C0800BD23C2 /* Images.xcassets in Resources */,
			);
			runOnlyForDeploymentPostprocessing = 0;
		};
		0E96D8081A591C0900BD23C2 /* Resources */ = {
			isa = PBXResourcesBuildPhase;
			buildActionMask = 2147483647;
			files = (
			);
			runOnlyForDeploymentPostprocessing = 0;
		};
/* End PBXResourcesBuildPhase section */

/* Begin PBXShellScriptBuildPhase section */
		0E96D81E1A5923BB00BD23C2 /* Carthage Workaround Script */ = {
			isa = PBXShellScriptBuildPhase;
			buildActionMask = 12;
			files = (
			);
			inputPaths = (
				"$(SRCROOT)/Carthage/Build/iOS/ReactiveCocoa.framework",
				"$(SRCROOT)/Carthage/Build/iOS/LlamaKit.framework",
			);
			name = "Carthage Workaround Script";
			outputPaths = (
			);
			runOnlyForDeploymentPostprocessing = 0;
			shellPath = /bin/sh;
			shellScript = "/usr/local/bin/carthage copy-frameworks\n";
		};
		2311B950A3992E293B6EC096 /* Copy Pods Resources */ = {
			isa = PBXShellScriptBuildPhase;
			buildActionMask = 2147483647;
			files = (
			);
			inputPaths = (
			);
			name = "Copy Pods Resources";
			outputPaths = (
			);
			runOnlyForDeploymentPostprocessing = 0;
			shellPath = /bin/sh;
			shellScript = "\"${SRCROOT}/Pods/Target Support Files/Pods/Pods-resources.sh\"\n";
			showEnvVarsInLog = 0;
		};
		6C329A1CBAEDD69BA00DDE7F /* Check Pods Manifest.lock */ = {
			isa = PBXShellScriptBuildPhase;
			buildActionMask = 2147483647;
			files = (
			);
			inputPaths = (
			);
			name = "Check Pods Manifest.lock";
			outputPaths = (
			);
			runOnlyForDeploymentPostprocessing = 0;
			shellPath = /bin/sh;
			shellScript = "diff \"${PODS_ROOT}/../Podfile.lock\" \"${PODS_ROOT}/Manifest.lock\" > /dev/null\nif [[ $? != 0 ]] ; then\n    cat << EOM\nerror: The sandbox is not in sync with the Podfile.lock. Run 'pod install' or update your CocoaPods installation.\nEOM\n    exit 1\nfi\n";
			showEnvVarsInLog = 0;
		};
		C56EFAB21A6656CD00631F7A /* Carthage Workaround Script */ = {
			isa = PBXShellScriptBuildPhase;
			buildActionMask = 2147483647;
			files = (
			);
			inputPaths = (
				"$(SRCROOT)/Carthage/Build/iOS/Nimble.framework",
				"$(SRCROOT)/Carthage/Build/iOS/Quick.framework",
			);
			name = "Carthage Workaround Script";
			outputPaths = (
			);
			runOnlyForDeploymentPostprocessing = 0;
			shellPath = /bin/sh;
			shellScript = "/usr/local/bin/carthage copy-frameworks\n";
		};
		DDB86FB1E4526E3CE5E09501 /* Embed Pods Frameworks */ = {
			isa = PBXShellScriptBuildPhase;
			buildActionMask = 2147483647;
			files = (
			);
			inputPaths = (
			);
			name = "Embed Pods Frameworks";
			outputPaths = (
			);
			runOnlyForDeploymentPostprocessing = 0;
			shellPath = /bin/sh;
			shellScript = "\"${SRCROOT}/Pods/Target Support Files/Pods/Pods-frameworks.sh\"\n";
			showEnvVarsInLog = 0;
		};
/* End PBXShellScriptBuildPhase section */

/* Begin PBXSourcesBuildPhase section */
		0E96D7F11A591C0800BD23C2 /* Sources */ = {
			isa = PBXSourcesBuildPhase;
			buildActionMask = 2147483647;
			files = (
				C56EFAC61A665DCB00631F7A /* Note.swift in Sources */,
				C5589CC61A6CF3B000CC9456 /* DBManager.swift in Sources */,
				C5894EE91A7235C500CE910E /* BaseModel.swift in Sources */,
				C56EFAC41A665DC500631F7A /* Document.swift in Sources */,
				C56EFAC01A665D5B00631F7A /* ListViewController.swift in Sources */,
				C56EFAC21A665D6600631F7A /* ListViewControllerPresentation.swift in Sources */,
				0E96D7FB1A591C0800BD23C2 /* AppDelegate.swift in Sources */,
			);
			runOnlyForDeploymentPostprocessing = 0;
		};
		0E96D8061A591C0900BD23C2 /* Sources */ = {
			isa = PBXSourcesBuildPhase;
			buildActionMask = 2147483647;
			files = (
				C5687E5B1A6CFF02008FF620 /* QuickNimbleTests.swift in Sources */,
				C5687E5A1A6CFF02008FF620 /* ReactiveCocoaSwiftTests.swift in Sources */,
				C5687E591A6CFF02008FF620 /* ListViewControllerPresentationTests.swift in Sources */,
				C5894EED1A7246AA00CE910E /* NoteTests.swift in Sources */,
				C5894EEB1A72444F00CE910E /* BaseModelTests.swift in Sources */,
				C5687E5E1A6D054A008FF620 /* DBManagerTests.swift in Sources */,
			);
			runOnlyForDeploymentPostprocessing = 0;
		};
/* End PBXSourcesBuildPhase section */

/* Begin PBXTargetDependency section */
		0E96D80C1A591C0900BD23C2 /* PBXTargetDependency */ = {
			isa = PBXTargetDependency;
			target = 0E96D7F41A591C0800BD23C2 /* ReactiveCocoaSwift */;
			targetProxy = 0E96D80B1A591C0900BD23C2 /* PBXContainerItemProxy */;
		};
/* End PBXTargetDependency section */

/* Begin PBXVariantGroup section */
		0E96D7FE1A591C0800BD23C2 /* Main.storyboard */ = {
			isa = PBXVariantGroup;
			children = (
				0E96D7FF1A591C0800BD23C2 /* Base */,
			);
			name = Main.storyboard;
			sourceTree = "<group>";
		};
		0E96D8031A591C0800BD23C2 /* LaunchScreen.xib */ = {
			isa = PBXVariantGroup;
			children = (
				0E96D8041A591C0800BD23C2 /* Base */,
			);
			name = LaunchScreen.xib;
			sourceTree = "<group>";
		};
/* End PBXVariantGroup section */

/* Begin XCBuildConfiguration section */
		0E96D8121A591C0900BD23C2 /* Debug */ = {
			isa = XCBuildConfiguration;
			buildSettings = {
				ALWAYS_SEARCH_USER_PATHS = NO;
				CLANG_CXX_LANGUAGE_STANDARD = "gnu++0x";
				CLANG_CXX_LIBRARY = "libc++";
				CLANG_ENABLE_MODULES = YES;
				CLANG_ENABLE_OBJC_ARC = YES;
				CLANG_WARN_BOOL_CONVERSION = YES;
				CLANG_WARN_CONSTANT_CONVERSION = YES;
				CLANG_WARN_DIRECT_OBJC_ISA_USAGE = YES_ERROR;
				CLANG_WARN_EMPTY_BODY = YES;
				CLANG_WARN_ENUM_CONVERSION = YES;
				CLANG_WARN_INT_CONVERSION = YES;
				CLANG_WARN_OBJC_ROOT_CLASS = YES_ERROR;
				CLANG_WARN_UNREACHABLE_CODE = YES;
				CLANG_WARN__DUPLICATE_METHOD_MATCH = YES;
				"CODE_SIGN_IDENTITY[sdk=iphoneos*]" = "iPhone Developer";
				COPY_PHASE_STRIP = NO;
				ENABLE_STRICT_OBJC_MSGSEND = YES;
				GCC_C_LANGUAGE_STANDARD = gnu99;
				GCC_DYNAMIC_NO_PIC = NO;
				GCC_OPTIMIZATION_LEVEL = 0;
				GCC_PREPROCESSOR_DEFINITIONS = (
					"DEBUG=1",
					"$(inherited)",
				);
				GCC_SYMBOLS_PRIVATE_EXTERN = NO;
				GCC_WARN_64_TO_32_BIT_CONVERSION = YES;
				GCC_WARN_ABOUT_RETURN_TYPE = YES_ERROR;
				GCC_WARN_UNDECLARED_SELECTOR = YES;
				GCC_WARN_UNINITIALIZED_AUTOS = YES_AGGRESSIVE;
				GCC_WARN_UNUSED_FUNCTION = YES;
				GCC_WARN_UNUSED_VARIABLE = YES;
				IPHONEOS_DEPLOYMENT_TARGET = 8.2;
				MTL_ENABLE_DEBUG_INFO = YES;
				ONLY_ACTIVE_ARCH = YES;
				SDKROOT = iphoneos;
				SWIFT_OPTIMIZATION_LEVEL = "-Onone";
			};
			name = Debug;
		};
		0E96D8131A591C0900BD23C2 /* Release */ = {
			isa = XCBuildConfiguration;
			buildSettings = {
				ALWAYS_SEARCH_USER_PATHS = NO;
				CLANG_CXX_LANGUAGE_STANDARD = "gnu++0x";
				CLANG_CXX_LIBRARY = "libc++";
				CLANG_ENABLE_MODULES = YES;
				CLANG_ENABLE_OBJC_ARC = YES;
				CLANG_WARN_BOOL_CONVERSION = YES;
				CLANG_WARN_CONSTANT_CONVERSION = YES;
				CLANG_WARN_DIRECT_OBJC_ISA_USAGE = YES_ERROR;
				CLANG_WARN_EMPTY_BODY = YES;
				CLANG_WARN_ENUM_CONVERSION = YES;
				CLANG_WARN_INT_CONVERSION = YES;
				CLANG_WARN_OBJC_ROOT_CLASS = YES_ERROR;
				CLANG_WARN_UNREACHABLE_CODE = YES;
				CLANG_WARN__DUPLICATE_METHOD_MATCH = YES;
				"CODE_SIGN_IDENTITY[sdk=iphoneos*]" = "iPhone Developer";
				COPY_PHASE_STRIP = NO;
				ENABLE_NS_ASSERTIONS = NO;
				ENABLE_STRICT_OBJC_MSGSEND = YES;
				GCC_C_LANGUAGE_STANDARD = gnu99;
				GCC_WARN_64_TO_32_BIT_CONVERSION = YES;
				GCC_WARN_ABOUT_RETURN_TYPE = YES_ERROR;
				GCC_WARN_UNDECLARED_SELECTOR = YES;
				GCC_WARN_UNINITIALIZED_AUTOS = YES_AGGRESSIVE;
				GCC_WARN_UNUSED_FUNCTION = YES;
				GCC_WARN_UNUSED_VARIABLE = YES;
				IPHONEOS_DEPLOYMENT_TARGET = 8.2;
				MTL_ENABLE_DEBUG_INFO = NO;
				SDKROOT = iphoneos;
				VALIDATE_PRODUCT = YES;
			};
			name = Release;
		};
		0E96D8151A591C0900BD23C2 /* Debug */ = {
			isa = XCBuildConfiguration;
			baseConfigurationReference = 0685B7807A7753D14254BA39 /* Pods.debug.xcconfig */;
			buildSettings = {
				ASSETCATALOG_COMPILER_APPICON_NAME = AppIcon;
				FRAMEWORK_SEARCH_PATHS = (
					"$(inherited)",
					"$(PROJECT_DIR)/Carthage/Build/iOS",
				);
				INFOPLIST_FILE = ReactiveCocoaSwift/Info.plist;
				LD_RUNPATH_SEARCH_PATHS = "$(inherited) @executable_path/Frameworks";
				PRODUCT_NAME = "$(TARGET_NAME)";
				SWIFT_OBJC_BRIDGING_HEADER = "ReactiveCocoaSwift/Objc-Bridging-Header.h";
			};
			name = Debug;
		};
		0E96D8161A591C0900BD23C2 /* Release */ = {
			isa = XCBuildConfiguration;
			baseConfigurationReference = 6956A7B452CFF9666D321F80 /* Pods.release.xcconfig */;
			buildSettings = {
				ASSETCATALOG_COMPILER_APPICON_NAME = AppIcon;
				FRAMEWORK_SEARCH_PATHS = (
					"$(inherited)",
					"$(PROJECT_DIR)/Carthage/Build/iOS",
				);
				INFOPLIST_FILE = ReactiveCocoaSwift/Info.plist;
				LD_RUNPATH_SEARCH_PATHS = "$(inherited) @executable_path/Frameworks";
				PRODUCT_NAME = "$(TARGET_NAME)";
				SWIFT_OBJC_BRIDGING_HEADER = "ReactiveCocoaSwift/Objc-Bridging-Header.h";
			};
			name = Release;
		};
		0E96D8181A591C0900BD23C2 /* Debug */ = {
			isa = XCBuildConfiguration;
			baseConfigurationReference = 0685B7807A7753D14254BA39 /* Pods.debug.xcconfig */;
			buildSettings = {
				BUNDLE_LOADER = "$(TEST_HOST)";
				FRAMEWORK_SEARCH_PATHS = (
					"$(SDKROOT)/Developer/Library/Frameworks",
					"$(inherited)",
					"$(PROJECT_DIR)/Carthage/Build/iOS",
				);
				GCC_PREPROCESSOR_DEFINITIONS = (
					"DEBUG=1",
					"$(inherited)",
				);
				INFOPLIST_FILE = ReactiveCocoaSwiftTests/Info.plist;
				LD_RUNPATH_SEARCH_PATHS = "$(inherited) @executable_path/Frameworks @loader_path/Frameworks";
				PRODUCT_NAME = "$(TARGET_NAME)";
				SWIFT_OBJC_BRIDGING_HEADER = "ReactiveCocoaSwift/Objc-Bridging-Header.h";
				TEST_HOST = "$(BUILT_PRODUCTS_DIR)/ReactiveCocoaSwift.app/ReactiveCocoaSwift";
			};
			name = Debug;
		};
		0E96D8191A591C0900BD23C2 /* Release */ = {
			isa = XCBuildConfiguration;
			baseConfigurationReference = 6956A7B452CFF9666D321F80 /* Pods.release.xcconfig */;
			buildSettings = {
				BUNDLE_LOADER = "$(TEST_HOST)";
				FRAMEWORK_SEARCH_PATHS = (
					"$(SDKROOT)/Developer/Library/Frameworks",
					"$(inherited)",
					"$(PROJECT_DIR)/Carthage/Build/iOS",
				);
				INFOPLIST_FILE = ReactiveCocoaSwiftTests/Info.plist;
				LD_RUNPATH_SEARCH_PATHS = "$(inherited) @executable_path/Frameworks @loader_path/Frameworks";
				PRODUCT_NAME = "$(TARGET_NAME)";
				SWIFT_OBJC_BRIDGING_HEADER = "ReactiveCocoaSwift/Objc-Bridging-Header.h";
				TEST_HOST = "$(BUILT_PRODUCTS_DIR)/ReactiveCocoaSwift.app/ReactiveCocoaSwift";
			};
			name = Release;
		};
/* End XCBuildConfiguration section */

/* Begin XCConfigurationList section */
		0E96D7F01A591C0800BD23C2 /* Build configuration list for PBXProject "ReactiveCocoaSwift" */ = {
			isa = XCConfigurationList;
			buildConfigurations = (
				0E96D8121A591C0900BD23C2 /* Debug */,
				0E96D8131A591C0900BD23C2 /* Release */,
			);
			defaultConfigurationIsVisible = 0;
			defaultConfigurationName = Release;
		};
		0E96D8141A591C0900BD23C2 /* Build configuration list for PBXNativeTarget "ReactiveCocoaSwift" */ = {
			isa = XCConfigurationList;
			buildConfigurations = (
				0E96D8151A591C0900BD23C2 /* Debug */,
				0E96D8161A591C0900BD23C2 /* Release */,
			);
			defaultConfigurationIsVisible = 0;
			defaultConfigurationName = Release;
		};
		0E96D8171A591C0900BD23C2 /* Build configuration list for PBXNativeTarget "ReactiveCocoaSwiftTests" */ = {
			isa = XCConfigurationList;
			buildConfigurations = (
				0E96D8181A591C0900BD23C2 /* Debug */,
				0E96D8191A591C0900BD23C2 /* Release */,
			);
			defaultConfigurationIsVisible = 0;
			defaultConfigurationName = Release;
		};
/* End XCConfigurationList section */
	};
	rootObject = 0E96D7ED1A591C0800BD23C2 /* Project object */;
}
